<?xml version="1.0" encoding="utf-8"?>
<Project ToolsVersion="4.0" xmlns="http://schemas.microsoft.com/developer/msbuild/2003">
  <ItemGroup>
    <Filter Include="Source Files">
      <UniqueIdentifier>{4FC737F1-C7A5-4376-A066-2A32D752A2FF}</UniqueIdentifier>
      <Extensions>cpp;c;cc;cxx;c++;cppm;ixx;def;odl;idl;hpj;bat;asm;asmx</Extensions>
    </Filter>
    <Filter Include="Header Files">
      <UniqueIdentifier>{93995380-89BD-4b04-88EB-625FBE52EBFB}</UniqueIdentifier>
      <Extensions>h;hh;hpp;hxx;h++;hm;inl;inc;ipp;xsd</Extensions>
    </Filter>
    <Filter Include="Resource Files">
      <UniqueIdentifier>{67DA6AB6-F800-4c08-8B7A-83BB121AAD01}</UniqueIdentifier>
      <Extensions>rc;ico;cur;bmp;dlg;rc2;rct;bin;rgs;gif;jpg;jpeg;jpe;resx;tiff;tif;png;wav;mfcribbon-ms</Extensions>
    </Filter>
    <Filter Include="ECS">
      <UniqueIdentifier>{7e043767-8946-4934-a7b0-a244b1d6511e}</UniqueIdentifier>
    </Filter>
    <Filter Include="ECS\Managers">
      <UniqueIdentifier>{33070f22-b1f5-4854-8378-12377085957e}</UniqueIdentifier>
    </Filter>
  </ItemGroup>
  <ItemGroup>
    <ClCompile Include="Main.cpp">
      <Filter>Source Files</Filter>
    </ClCompile>
  </ItemGroup>
  <ItemGroup>
    <ClInclude Include="ECSIncludes.h">
      <Filter>ECS</Filter>
    </ClInclude>
    <ClInclude Include="SceneManager.h">
      <Filter>ECS</Filter>
    </ClInclude>
    <ClInclude Include="ECSComponents.h">
      <Filter>ECS</Filter>
    </ClInclude>
    <ClInclude Include="System.h">
      <Filter>ECS</Filter>
    </ClInclude>
    <ClInclude Include="ComponentManager.h">
      <Filter>ECS\Managers</Filter>
    </ClInclude>
    <ClInclude Include="ComponentArray.h">
      <Filter>ECS\Managers</Filter>
    </ClInclude>
    <ClInclude Include="SystemManager.h">
      <Filter>ECS\Managers</Filter>
    </ClInclude>
    <ClInclude Include="EntityFactory.h">
      <Filter>ECS\Managers</Filter>
    </ClInclude>
    <ClInclude Include="BehaviorManager.h">
      <Filter>ECS\Managers</Filter>
    </ClInclude>
    <ClInclude Include="BehaviorTest.h">
      <Filter>ECS</Filter>
    </ClInclude>
    <ClInclude Include="GameManager.h">
      <Filter>Source Files</Filter>
    </ClInclude>
    <ClInclude Include="Trace.h">
      <Filter>ECS</Filter>
    </ClInclude>
  </ItemGroup>
</Project>